
Microsoft Visual Studio Solution File, Format Version 12.00
# Visual Studio Version 17
VisualStudioVersion = 17.7.34009.444
MinimumVisualStudioVersion = 10.0.40219.1
Project("{8BC9CEB8-8B4A-11D0-8D11-00A0C91BC942}") = "队列功能链式结构（重要", "队列功能链式结构（重要\队列功能链式结构（重要.vcxproj", "{3357B852-FE7E-4E7F-94F2-ECEA9343BCEC}"
EndProject
Global
	GlobalSection(SolutionConfigurationPlatforms) = preSolution
		Debug|x64 = Debug|x64
		Debug|x86 = Debug|x86
		Release|x64 = Release|x64
		Release|x86 = Release|x86
	EndGlobalSection
	GlobalSection(ProjectConfigurationPlatforms) = postSolution
		{3357B852-FE7E-4E7F-94F2-ECEA9343BCEC}.Debug|x64.ActiveCfg = Debug|x64
		{3357B852-FE7E-4E7F-94F2-ECEA9343BCEC}.Debug|x64.Build.0 = Debug|x64
		{3357B852-FE7E-4E7F-94F2-ECEA9343BCEC}.Debug|x86.ActiveCfg = Debug|Win32
		{3357B852-FE7E-4E7F-94F2-ECEA9343BCEC}.Debug|x86.Build.0 = Debug|Win32
		{3357B852-FE7E-4E7F-94F2-ECEA9343BCEC}.Release|x64.ActiveCfg = Release|x64
		{3357B852-FE7E-4E7F-94F2-ECEA9343BCEC}.Release|x64.Build.0 = Release|x64
		{3357B852-FE7E-4E7F-94F2-ECEA9343BCEC}.Release|x86.ActiveCfg = Release|Win32
		{3357B852-FE7E-4E7F-94F2-ECEA9343BCEC}.Release|x86.Build.0 = Release|Win32
	EndGlobalSection
	GlobalSection(SolutionProperties) = preSolution
		HideSolutionNode = FALSE
	EndGlobalSection
	GlobalSection(ExtensibilityGlobals) = postSolution
		SolutionGuid = {48474957-F862-4090-8978-C7B76D07BC82}
	EndGlobalSection
EndGlobal
