
Microsoft Visual Studio Solution File, Format Version 12.00
# Visual Studio Version 17
VisualStudioVersion = 17.7.34009.444
MinimumVisualStudioVersion = 10.0.40219.1
Project("{8BC9CEB8-8B4A-11D0-8D11-00A0C91BC942}") = "二叉树-堆实现", "二叉树-堆实现\二叉树-堆实现.vcxproj", "{48B30034-BA45-47AD-9231-20EB1A6C927C}"
EndProject
Global
	GlobalSection(SolutionConfigurationPlatforms) = preSolution
		Debug|x64 = Debug|x64
		Debug|x86 = Debug|x86
		Release|x64 = Release|x64
		Release|x86 = Release|x86
	EndGlobalSection
	GlobalSection(ProjectConfigurationPlatforms) = postSolution
		{48B30034-BA45-47AD-9231-20EB1A6C927C}.Debug|x64.ActiveCfg = Debug|x64
		{48B30034-BA45-47AD-9231-20EB1A6C927C}.Debug|x64.Build.0 = Debug|x64
		{48B30034-BA45-47AD-9231-20EB1A6C927C}.Debug|x86.ActiveCfg = Debug|Win32
		{48B30034-BA45-47AD-9231-20EB1A6C927C}.Debug|x86.Build.0 = Debug|Win32
		{48B30034-BA45-47AD-9231-20EB1A6C927C}.Release|x64.ActiveCfg = Release|x64
		{48B30034-BA45-47AD-9231-20EB1A6C927C}.Release|x64.Build.0 = Release|x64
		{48B30034-BA45-47AD-9231-20EB1A6C927C}.Release|x86.ActiveCfg = Release|Win32
		{48B30034-BA45-47AD-9231-20EB1A6C927C}.Release|x86.Build.0 = Release|Win32
	EndGlobalSection
	GlobalSection(SolutionProperties) = preSolution
		HideSolutionNode = FALSE
	EndGlobalSection
	GlobalSection(ExtensibilityGlobals) = postSolution
		SolutionGuid = {337038D3-BFB8-44BF-AD49-E792B1C10538}
	EndGlobalSection
EndGlobal
